// !$*UTF8*$!
{
	archiveVersion = 1;
	classes = {
	};
	objectVersion = 77;
	objects = {

/* Begin PBXFileReference section */
		A0DC6A882FDD0BFE00390534 /* build.sh */ = {isa = PBXFileReference; lastKnownFileType = text.script.sh; path = build.sh; sourceTree = "<group>"; };
		A0DC6A892FDD0BFE00390534 /* main.mm */ = {isa = PBXFileReference; lastKnownFileType = sourcecode.cpp.objcpp; path = main.mm; sourceTree = "<group>"; };
		A0DC6A8A2FDD0BFE00390534 /* run.sh */ = {isa = PBXFileReference; lastKnownFileType = text.script.sh; path = run.sh; sourceTree = "<group>"; };
		A0DC6A8B2FDD0BFE00390534 /* shaders.metal */ = {isa = PBXFileReference; lastKnownFileType = sourcecode.metal; path = shaders.metal; sourceTree = "<group>"; };
/* End PBXFileReference section */

/* Begin PBXGroup section */
		A0DC6A812FDD0AFB00390534 = {
			isa = PBXGroup;
			children = (
				A0DC6A8C2FDD0BFE00390534 /* code */,
			);
			sourceTree = "<group>";
		};
		A0DC6A8C2FDD0BFE00390534 /* code */ = {
			isa = PBXGroup;
			children = (
				A0DC6A882FDD0BFE00390534 /* build.sh */,
				A0DC6A892FDD0BFE00390534 /* main.mm */,
				A0DC6A8A2FDD0BFE00390534 /* run.sh */,
				A0DC6A8B2FDD0BFE00390534 /* shaders.metal */,
			);
			name = code;
			path = "/Users/raghav/C++/MetalRayTracing/RayTracing/code";
			sourceTree = "<absolute>";
		};
/* End PBXGroup section */

/* Begin PBXProject section */
		A0DC6A822FDD0AFB00390534 /* Project object */ = {
			isa = PBXProject;
			attributes = {
				BuildIndependentTargetsInParallel = 1;
				LastUpgradeCheck = 1620;
			};
			buildConfigurationList = A0DC6A852FDD0AFC00390534 /* Build configuration list for PBXProject "MetalRayTracing" */;
			developmentRegion = en;
			hasScannedForEncodings = 0;
			knownRegions = (
				en,
				Base,
			);
			mainGroup = A0DC6A812FDD0AFB00390534;
			minimizedProjectReferenceProxies = 1;
			preferredProjectObjectVersion = 77;
			projectDirPath = "";
			projectRoot = "";
			targets = (
			);
		};
/* End PBXProject section */

/* Begin XCBuildConfiguration section */
		A0DC6A862FDD0AFC00390534 /* Debug */ = {
			isa = XCBuildConfiguration;
			buildSettings = {
			};
			name = Debug;
		};
		A0DC6A872FDD0AFC00390534 /* Release */ = {
			isa = XCBuildConfiguration;
			buildSettings = {
			};
			name = Release;
		};
/* End XCBuildConfiguration section */

/* Begin XCConfigurationList section */
		A0DC6A852FDD0AFC00390534 /* Build configuration list for PBXProject "MetalRayTracing" */ = {
			isa = XCConfigurationList;
			buildConfigurations = (
				A0DC6A862FDD0AFC00390534 /* Debug */,
				A0DC6A872FDD0AFC00390534 /* Release */,
			);
			defaultConfigurationIsVisible = 0;
			defaultConfigurationName = Release;
		};
/* End XCConfigurationList section */
	};
	rootObject = A0DC6A822FDD0AFB00390534 /* Project object */;
}
